
Microsoft Visual Studio Solution File, Format Version 12.00
# Visual Studio 15
VisualStudioVersion = 15.0.27130.2036
MinimumVisualStudioVersion = 10.0.40219.1
Project("{FAE04EC0-301F-11D3-BF4B-00C04F79EFBC}") = "MongoRatings", "MongoRatings\MongoRatings.csproj", "{104FE918-3BD8-4D6F-BED6-6E6493F23057}"
EndProject
Global
	GlobalSection(SolutionConfigurationPlatforms) = preSolution
		Debug|Any CPU = Debug|Any CPU
		Release|Any CPU = Release|Any CPU
	EndGlobalSection
	GlobalSection(ProjectConfigurationPlatforms) = postSolution
		{104FE918-3BD8-4D6F-BED6-6E6493F23057}.Debug|Any CPU.ActiveCfg = Debug|Any CPU
		{104FE918-3BD8-4D6F-BED6-6E6493F23057}.Debug|Any CPU.Build.0 = Debug|Any CPU
		{104FE918-3BD8-4D6F-BED6-6E6493F23057}.Release|Any CPU.ActiveCfg = Release|Any CPU
		{104FE918-3BD8-4D6F-BED6-6E6493F23057}.Release|Any CPU.Build.0 = Release|Any CPU
	EndGlobalSection
	GlobalSection(SolutionProperties) = preSolution
		HideSolutionNode = FALSE
	EndGlobalSection
	GlobalSection(ExtensibilityGlobals) = postSolution
		SolutionGuid = {C0D64AE0-FD3B-4F12-9500-6C740B99F998}
	EndGlobalSection
EndGlobal
